// !$*UTF8*$!
{
	archiveVersion = 1;
	classes = {
	};
	objectVersion = 46;
	objects = {

/* Begin PBXBuildFile section */
		97306A0917F27090003989BE /* Cocoa.framework in Frameworks */ = {isa = PBXBuildFile; fileRef = 97306A0817F27090003989BE /* Cocoa.framework */; };
		97306A0B17F27090003989BE /* SDL2.framework in Frameworks */ = {isa = PBXBuildFile; fileRef = 97306A0A17F27090003989BE /* SDL2.framework */; };
		97306A0E17F27090003989BE /* main.cpp in Sources */ = {isa = PBXBuildFile; fileRef = 97306A0D17F27090003989BE /* main.cpp */; };
		97306A1317F27090003989BE /* CApp.cpp in Sources */ = {isa = PBXBuildFile; fileRef = 97306A1217F27090003989BE /* CApp.cpp */; };
		97D0838E17F5A2D400456A41 /* res in Resources */ = {isa = PBXBuildFile; fileRef = 97D0838D17F5A2D400456A41 /* res */; };
		97D0839117F63FAB00456A41 /* player.cpp in Sources */ = {isa = PBXBuildFile; fileRef = 97D0838F17F63FAB00456A41 /* player.cpp */; };
		97D0839517F7740100456A41 /* drawTex.cpp in Sources */ = {isa = PBXBuildFile; fileRef = 97D0839317F7740100456A41 /* drawTex.cpp */; };
		97D264A517F929C0008A1081 /* geometry.cpp in Sources */ = {isa = PBXBuildFile; fileRef = 97D264A317F929C0008A1081 /* geometry.cpp */; };
/* End PBXBuildFile section */

/* Begin PBXCopyFilesBuildPhase section */
		97306A0317F27090003989BE /* CopyFiles */ = {
			isa = PBXCopyFilesBuildPhase;
			buildActionMask = 2147483647;
			dstSubfolderSpec = 10;
			files = (
			);
			runOnlyForDeploymentPostprocessing = 1;
		};
/* End PBXCopyFilesBuildPhase section */

/* Begin PBXFileReference section */
		97306A0517F27090003989BE /* MyGame.app */ = {isa = PBXFileReference; explicitFileType = wrapper.application; includeInIndex = 0; path = MyGame.app; sourceTree = BUILT_PRODUCTS_DIR; };
		97306A0817F27090003989BE /* Cocoa.framework */ = {isa = PBXFileReference; lastKnownFileType = wrapper.framework; name = Cocoa.framework; path = System/Library/Frameworks/Cocoa.framework; sourceTree = SDKROOT; };
		97306A0A17F27090003989BE /* SDL2.framework */ = {isa = PBXFileReference; lastKnownFileType = wrapper.framework; name = SDL2.framework; path = Library/Frameworks/../../../../../../../../../Library/Frameworks/SDL2.framework; sourceTree = DEVELOPER_DIR; };
		97306A0D17F27090003989BE /* main.cpp */ = {isa = PBXFileReference; lastKnownFileType = sourcecode.cpp.cpp; path = main.cpp; sourceTree = "<group>"; };
		97306A1017F27090003989BE /* CApp.h */ = {isa = PBXFileReference; lastKnownFileType = sourcecode.c.h; path = CApp.h; sourceTree = "<group>"; };
		97306A1217F27090003989BE /* CApp.cpp */ = {isa = PBXFileReference; lastKnownFileType = sourcecode.cpp.cpp; path = CApp.cpp; sourceTree = "<group>"; };
		97D0838D17F5A2D400456A41 /* res */ = {isa = PBXFileReference; lastKnownFileType = folder; path = res; sourceTree = "<group>"; };
		97D0838F17F63FAB00456A41 /* player.cpp */ = {isa = PBXFileReference; fileEncoding = 4; lastKnownFileType = sourcecode.cpp.cpp; path = player.cpp; sourceTree = "<group>"; };
		97D0839017F63FAB00456A41 /* player.h */ = {isa = PBXFileReference; fileEncoding = 4; lastKnownFileType = sourcecode.c.h; path = player.h; sourceTree = "<group>"; };
		97D0839317F7740100456A41 /* drawTex.cpp */ = {isa = PBXFileReference; fileEncoding = 4; lastKnownFileType = sourcecode.cpp.cpp; path = drawTex.cpp; sourceTree = "<group>"; };
		97D0839417F7740100456A41 /* drawTex.h */ = {isa = PBXFileReference; fileEncoding = 4; lastKnownFileType = sourcecode.c.h; path = drawTex.h; sourceTree = "<group>"; };
		97D264A317F929C0008A1081 /* geometry.cpp */ = {isa = PBXFileReference; fileEncoding = 4; lastKnownFileType = sourcecode.cpp.cpp; path = geometry.cpp; sourceTree = "<group>"; };
		97D264A417F929C0008A1081 /* geometry.h */ = {isa = PBXFileReference; fileEncoding = 4; lastKnownFileType = sourcecode.c.h; path = geometry.h; sourceTree = "<group>"; };
/* End PBXFileReference section */

/* Begin PBXFrameworksBuildPhase section */
		97306A0117F27090003989BE /* Frameworks */ = {
			isa = PBXFrameworksBuildPhase;
			buildActionMask = 2147483647;
			files = (
				97306A0917F27090003989BE /* Cocoa.framework in Frameworks */,
				97306A0B17F27090003989BE /* SDL2.framework in Frameworks */,
			);
			runOnlyForDeploymentPostprocessing = 0;
		};
/* End PBXFrameworksBuildPhase section */

/* Begin PBXGroup section */
		973069FB17F27090003989BE = {
			isa = PBXGroup;
			children = (
				97306A0C17F27090003989BE /* MyGame */,
				97306A0717F27090003989BE /* Frameworks */,
				97306A0617F27090003989BE /* Products */,
			);
			sourceTree = "<group>";
		};
		97306A0617F27090003989BE /* Products */ = {
			isa = PBXGroup;
			children = (
				97306A0517F27090003989BE /* MyGame.app */,
			);
			name = Products;
			sourceTree = "<group>";
		};
		97306A0717F27090003989BE /* Frameworks */ = {
			isa = PBXGroup;
			children = (
				97306A0817F27090003989BE /* Cocoa.framework */,
				97306A0A17F27090003989BE /* SDL2.framework */,
			);
			name = Frameworks;
			sourceTree = "<group>";
		};
		97306A0C17F27090003989BE /* MyGame */ = {
			isa = PBXGroup;
			children = (
				97306A0D17F27090003989BE /* main.cpp */,
				97D0839217F773E100456A41 /* Engine */,
				97D0838D17F5A2D400456A41 /* res */,
				97306A0F17F27090003989BE /* include */,
				97306A1117F27090003989BE /* src */,
			);
			path = MyGame;
			sourceTree = "<group>";
		};
		97306A0F17F27090003989BE /* include */ = {
			isa = PBXGroup;
			children = (
				97306A1017F27090003989BE /* CApp.h */,
				97D0839017F63FAB00456A41 /* player.h */,
				97D264A417F929C0008A1081 /* geometry.h */,
			);
			name = include;
			sourceTree = "<group>";
		};
		97306A1117F27090003989BE /* src */ = {
			isa = PBXGroup;
			children = (
				97D0838F17F63FAB00456A41 /* player.cpp */,
				97306A1217F27090003989BE /* CApp.cpp */,
				97D264A317F929C0008A1081 /* geometry.cpp */,
			);
			name = src;
			sourceTree = "<group>";
		};
		97D0839217F773E100456A41 /* Engine */ = {
			isa = PBXGroup;
			children = (
				97D0839317F7740100456A41 /* drawTex.cpp */,
				97D0839417F7740100456A41 /* drawTex.h */,
			);
			name = Engine;
			sourceTree = "<group>";
		};
/* End PBXGroup section */

/* Begin PBXNativeTarget section */
		97306A0417F27090003989BE /* MyGame */ = {
			isa = PBXNativeTarget;
			buildConfigurationList = 97306A1617F27090003989BE /* Build configuration list for PBXNativeTarget "MyGame" */;
			buildPhases = (
				97306A0017F27090003989BE /* Sources */,
				97306A0117F27090003989BE /* Frameworks */,
				97306A0217F27090003989BE /* Resources */,
				97306A0317F27090003989BE /* CopyFiles */,
			);
			buildRules = (
			);
			dependencies = (
			);
			name = MyGame;
			productName = MyGame;
			productReference = 97306A0517F27090003989BE /* MyGame.app */;
			productType = "com.apple.product-type.application";
		};
/* End PBXNativeTarget section */

/* Begin PBXProject section */
		973069FC17F27090003989BE /* Project object */ = {
			isa = PBXProject;
			attributes = {
				LastUpgradeCheck = 0500;
				ORGANIZATIONNAME = "August Trollback";
			};
			buildConfigurationList = 973069FF17F27090003989BE /* Build configuration list for PBXProject "MyGame" */;
			compatibilityVersion = "Xcode 3.2";
			developmentRegion = English;
			hasScannedForEncodings = 0;
			knownRegions = (
				en,
			);
			mainGroup = 973069FB17F27090003989BE;
			productRefGroup = 97306A0617F27090003989BE /* Products */;
			projectDirPath = "";
			projectRoot = "";
			targets = (
				97306A0417F27090003989BE /* MyGame */,
			);
		};
/* End PBXProject section */

/* Begin PBXResourcesBuildPhase section */
		97306A0217F27090003989BE /* Resources */ = {
			isa = PBXResourcesBuildPhase;
			buildActionMask = 2147483647;
			files = (
				97D0838E17F5A2D400456A41 /* res in Resources */,
			);
			runOnlyForDeploymentPostprocessing = 0;
		};
/* End PBXResourcesBuildPhase section */

/* Begin PBXSourcesBuildPhase section */
		97306A0017F27090003989BE /* Sources */ = {
			isa = PBXSourcesBuildPhase;
			buildActionMask = 2147483647;
			files = (
				97306A0E17F27090003989BE /* main.cpp in Sources */,
				97306A1317F27090003989BE /* CApp.cpp in Sources */,
				97D0839117F63FAB00456A41 /* player.cpp in Sources */,
				97D264A517F929C0008A1081 /* geometry.cpp in Sources */,
				97D0839517F7740100456A41 /* drawTex.cpp in Sources */,
			);
			runOnlyForDeploymentPostprocessing = 0;
		};
/* End PBXSourcesBuildPhase section */

/* Begin XCBuildConfiguration section */
		97306A1417F27090003989BE /* Debug */ = {
			isa = XCBuildConfiguration;
			buildSettings = {
				ALWAYS_SEARCH_USER_PATHS = NO;
				CLANG_CXX_LANGUAGE_STANDARD = "gnu++0x";
				CLANG_CXX_LIBRARY = "libc++";
				CLANG_WARN_CONSTANT_CONVERSION = YES;
				CLANG_WARN_EMPTY_BODY = YES;
				CLANG_WARN_ENUM_CONVERSION = YES;
				CLANG_WARN_INT_CONVERSION = YES;
				CLANG_WARN__DUPLICATE_METHOD_MATCH = YES;
				COPY_PHASE_STRIP = NO;
				GCC_C_LANGUAGE_STANDARD = gnu99;
				GCC_DYNAMIC_NO_PIC = NO;
				GCC_ENABLE_OBJC_EXCEPTIONS = YES;
				GCC_OPTIMIZATION_LEVEL = 0;
				GCC_PREPROCESSOR_DEFINITIONS = (
					"DEBUG=1",
					"$(inherited)",
				);
				GCC_SYMBOLS_PRIVATE_EXTERN = NO;
				GCC_WARN_64_TO_32_BIT_CONVERSION = YES;
				GCC_WARN_ABOUT_RETURN_TYPE = YES;
				GCC_WARN_UNINITIALIZED_AUTOS = YES;
				GCC_WARN_UNUSED_VARIABLE = YES;
				MACOSX_DEPLOYMENT_TARGET = 10.8;
				ONLY_ACTIVE_ARCH = YES;
				SDKROOT = macosx;
			};
			name = Debug;
		};
		97306A1517F27090003989BE /* Release */ = {
			isa = XCBuildConfiguration;
			buildSettings = {
				ALWAYS_SEARCH_USER_PATHS = NO;
				CLANG_CXX_LANGUAGE_STANDARD = "gnu++0x";
				CLANG_CXX_LIBRARY = "libc++";
				CLANG_WARN_CONSTANT_CONVERSION = YES;
				CLANG_WARN_EMPTY_BODY = YES;
				CLANG_WARN_ENUM_CONVERSION = YES;
				CLANG_WARN_INT_CONVERSION = YES;
				CLANG_WARN__DUPLICATE_METHOD_MATCH = YES;
				COPY_PHASE_STRIP = YES;
				DEBUG_INFORMATION_FORMAT = "dwarf-with-dsym";
				GCC_C_LANGUAGE_STANDARD = gnu99;
				GCC_ENABLE_OBJC_EXCEPTIONS = YES;
				GCC_WARN_64_TO_32_BIT_CONVERSION = YES;
				GCC_WARN_ABOUT_RETURN_TYPE = YES;
				GCC_WARN_UNINITIALIZED_AUTOS = YES;
				GCC_WARN_UNUSED_VARIABLE = YES;
				MACOSX_DEPLOYMENT_TARGET = 10.8;
				SDKROOT = macosx;
			};
			name = Release;
		};
		97306A1717F27090003989BE /* Debug */ = {
			isa = XCBuildConfiguration;
			buildSettings = {
				COMBINE_HIDPI_IMAGES = YES;
				FRAMEWORK_SEARCH_PATHS = /Library/Frameworks;
				HEADER_SEARCH_PATHS = (
					/usr/include,
					/usr/local/include,
				);
				LD_RUNPATH_SEARCH_PATHS = "@executable_path/../Frameworks";
				LIBRARY_SEARCH_PATHS = /usr/lib;
				OTHER_LDFLAGS = "";
				PRODUCT_NAME = "$(TARGET_NAME)";
				USER_HEADER_SEARCH_PATHS = "";
			};
			name = Debug;
		};
		97306A1817F27090003989BE /* Release */ = {
			isa = XCBuildConfiguration;
			buildSettings = {
				COMBINE_HIDPI_IMAGES = YES;
				FRAMEWORK_SEARCH_PATHS = /Library/Frameworks;
				HEADER_SEARCH_PATHS = (
					/usr/include,
					/usr/local/include,
				);
				LD_RUNPATH_SEARCH_PATHS = "@executable_path/../Frameworks";
				LIBRARY_SEARCH_PATHS = /usr/lib;
				OTHER_LDFLAGS = "";
				PRODUCT_NAME = "$(TARGET_NAME)";
				USER_HEADER_SEARCH_PATHS = "";
			};
			name = Release;
		};
/* End XCBuildConfiguration section */

/* Begin XCConfigurationList section */
		973069FF17F27090003989BE /* Build configuration list for PBXProject "MyGame" */ = {
			isa = XCConfigurationList;
			buildConfigurations = (
				97306A1417F27090003989BE /* Debug */,
				97306A1517F27090003989BE /* Release */,
			);
			defaultConfigurationIsVisible = 0;
			defaultConfigurationName = Release;
		};
		97306A1617F27090003989BE /* Build configuration list for PBXNativeTarget "MyGame" */ = {
			isa = XCConfigurationList;
			buildConfigurations = (
				97306A1717F27090003989BE /* Debug */,
				97306A1817F27090003989BE /* Release */,
			);
			defaultConfigurationIsVisible = 0;
			defaultConfigurationName = Release;
		};
/* End XCConfigurationList section */
	};
	rootObject = 973069FC17F27090003989BE /* Project object */;
}
